{
  "name": "ssb-blob-prune",
  "version": "1.0.2",
  "lockfileVersion": 1,
  "requires": true,
  "dependencies": {
    "blake2s": {
      "version": "1.0.1",
      "resolved": "https://registry.npmjs.org/blake2s/-/blake2s-1.0.1.tgz",
      "integrity": "sha1-FZiCKjIOzmqkAbqYKVT4L2GwzXs="
    },
    "chloride": {
      "version": "2.2.10",
      "resolved": "https://registry.npmjs.org/chloride/-/chloride-2.2.10.tgz",
      "integrity": "sha512-CbU1ISGiB2JBV6PDXx7hkl8D94d2TPD1BANUMFbr8rZYKJi8De2d3Hu2XDIOLAhXf+8yhoFOdjtLG6fxz3QByQ==",
      "requires": {
        "is-electron": "^2.0.0",
        "sodium-browserify": "^1.2.4",
        "sodium-browserify-tweetnacl": "^0.2.2",
        "sodium-chloride": "^1.1.0",
        "sodium-native": "^2.1.6"
      }
    },
    "chloride-test": {
      "version": "1.2.2",
      "resolved": "https://registry.npmjs.org/chloride-test/-/chloride-test-1.2.2.tgz",
      "integrity": "sha1-F4aGqF6SeARREulujHkXk/mhCuo=",
      "requires": {
        "json-buffer": "^2.0.11"
      }
    },
    "colors": {
      "version": "0.5.1",
      "resolved": "http://registry.npmjs.org/colors/-/colors-0.5.1.tgz",
      "integrity": "sha1-fQAj6usVTo7p/Oddy5I9DtFmd3Q="
    },
    "cont": {
      "version": "1.0.3",
      "resolved": "https://registry.npmjs.org/cont/-/cont-1.0.3.tgz",
      "integrity": "sha1-aHTx6TX8qZ0EjK6qrZoK6wILzOA=",
      "requires": {
        "continuable": "~1.2.0",
        "continuable-para": "~1.2.0",
        "continuable-series": "~1.2.0"
      }
    },
    "continuable": {
      "version": "1.2.0",
      "resolved": "https://registry.npmjs.org/continuable/-/continuable-1.2.0.tgz",
      "integrity": "sha1-CCd0aNQRNiAAdMz4cpQwjRafJbY="
    },
    "continuable-hash": {
      "version": "0.1.4",
      "resolved": "https://registry.npmjs.org/continuable-hash/-/continuable-hash-0.1.4.tgz",
      "integrity": "sha1-gcdNQXcdjJJ4Ph4A5fEbNNbfx4w=",
      "requires": {
        "continuable": "~1.1.6"
      },
      "dependencies": {
        "continuable": {
          "version": "1.1.8",
          "resolved": "https://registry.npmjs.org/continuable/-/continuable-1.1.8.tgz",
          "integrity": "sha1-3Id7R0FghwrjvN6HM2Jo6+UFl9U="
        }
      }
    },
    "continuable-list": {
      "version": "0.1.6",
      "resolved": "https://registry.npmjs.org/continuable-list/-/continuable-list-0.1.6.tgz",
      "integrity": "sha1-h88G7FgHFuEN/5X7C4TF8OisrF8=",
      "requires": {
        "continuable": "~1.1.6"
      },
      "dependencies": {
        "continuable": {
          "version": "1.1.8",
          "resolved": "https://registry.npmjs.org/continuable/-/continuable-1.1.8.tgz",
          "integrity": "sha1-3Id7R0FghwrjvN6HM2Jo6+UFl9U="
        }
      }
    },
    "continuable-para": {
      "version": "1.2.0",
      "resolved": "https://registry.npmjs.org/continuable-para/-/continuable-para-1.2.0.tgz",
      "integrity": "sha1-RFUQ9klFndD8NchyAVFGEicxxYM=",
      "requires": {
        "continuable-hash": "~0.1.4",
        "continuable-list": "~0.1.5"
      }
    },
    "continuable-series": {
      "version": "1.2.0",
      "resolved": "https://registry.npmjs.org/continuable-series/-/continuable-series-1.2.0.tgz",
      "integrity": "sha1-MkM5euk6cdZVswJoNKUVkLlYueg="
    },
    "debug": {
      "version": "4.1.0",
      "resolved": "https://registry.npmjs.org/debug/-/debug-4.1.0.tgz",
      "integrity": "sha512-heNPJUJIqC+xB6ayLAMHaIrmN9HKa7aQO8MGqKpvCA+uJYVcvR6l5kgdrhRuwPFHU7P5/A1w0BjByPHwpfTDKg==",
      "requires": {
        "ms": "^2.1.1"
      }
    },
    "deep-equal": {
      "version": "1.0.1",
      "resolved": "https://registry.npmjs.org/deep-equal/-/deep-equal-1.0.1.tgz",
      "integrity": "sha1-9dJgKStmDghO/0zbyfCK0yR0SLU="
    },
    "deep-extend": {
      "version": "0.6.0",
      "resolved": "https://registry.npmjs.org/deep-extend/-/deep-extend-0.6.0.tgz",
      "integrity": "sha512-LOHxIOaPYdHlJRtCQfDIVZtfw/ufM8+rVj649RIHzcm/vGwQRXFt6OPqIFWsm2XEMrNIEtWR64sY1LEKD2vAOA=="
    },
    "deepdash": {
      "version": "1.5.5",
      "resolved": "https://registry.npmjs.org/deepdash/-/deepdash-1.5.5.tgz",
      "integrity": "sha512-CUI0nOTaM++CydaT6MLg7bDPEddK39qoZvLXaYJAmiNZLdBFwLyCerMaBH2SfbUHyeRL2Ci8qa878NDV9PmF6g==",
      "requires": {
        "lodash": "^4.17.11"
      }
    },
    "discontinuous-range": {
      "version": "1.0.0",
      "resolved": "https://registry.npmjs.org/discontinuous-range/-/discontinuous-range-1.0.0.tgz",
      "integrity": "sha1-44Mx8IRLukm5qctxx3FYWqsbxlo="
    },
    "ed2curve": {
      "version": "0.1.4",
      "resolved": "https://registry.npmjs.org/ed2curve/-/ed2curve-0.1.4.tgz",
      "integrity": "sha1-lKRCSLuH2jXbDv968KpXYWgRf1k=",
      "requires": {
        "tweetnacl": "0.x.x"
      }
    },
    "explain-error": {
      "version": "1.0.4",
      "resolved": "https://registry.npmjs.org/explain-error/-/explain-error-1.0.4.tgz",
      "integrity": "sha1-p5PTrAytTGq1cemWj7urbLJTKSk="
    },
    "increment-buffer": {
      "version": "1.0.1",
      "resolved": "https://registry.npmjs.org/increment-buffer/-/increment-buffer-1.0.1.tgz",
      "integrity": "sha1-ZQdtdRidgIs5rROrW5WOBSFvng0="
    },
    "inherits": {
      "version": "2.0.3",
      "resolved": "https://registry.npmjs.org/inherits/-/inherits-2.0.3.tgz",
      "integrity": "sha1-Yzwsg+PaQqUC9SRmAiSA9CCCYd4="
    },
    "ini": {
      "version": "1.3.5",
      "resolved": "https://registry.npmjs.org/ini/-/ini-1.3.5.tgz",
      "integrity": "sha512-RZY5huIKCMRWDUqZlEi72f/lmXKMvuszcMBduliQ3nnWbx9X/ZBQO7DijMEYS9EhHBb2qacRUMtC7svLwe0lcw=="
    },
    "ip": {
      "version": "1.1.5",
      "resolved": "https://registry.npmjs.org/ip/-/ip-1.1.5.tgz",
      "integrity": "sha1-vd7XARQpCCjAoDnnLvJfWq7ENUo="
    },
    "is-canonical-base64": {
      "version": "1.1.1",
      "resolved": "https://registry.npmjs.org/is-canonical-base64/-/is-canonical-base64-1.1.1.tgz",
      "integrity": "sha512-o6t/DwgEapC0bsloqtegAQyZzQXaQ5+8fzsyf2KmLqupC2ifLFq/lMQiFCJeGpdSrK1o6GL+WW2lRU050lLlFg=="
    },
    "is-electron": {
      "version": "2.2.0",
      "resolved": "https://registry.npmjs.org/is-electron/-/is-electron-2.2.0.tgz",
      "integrity": "sha512-SpMppC2XR3YdxSzczXReBjqs2zGscWQpBIKqwXYBFic0ERaxNVgwLCHwOLZeESfdJQjX0RDvrJ1lBXX2ij+G1Q=="
    },
    "is-valid-domain": {
      "version": "0.0.6",
      "resolved": "https://registry.npmjs.org/is-valid-domain/-/is-valid-domain-0.0.6.tgz",
      "integrity": "sha512-XXiNRcLcNKeb0LB3PzB39gJa8QiA+6nnc4NX9zNvFQcaITWU+64hfVqaVppbSd3tSVlJttW6sINkX3xLKPax7A=="
    },
    "json-buffer": {
      "version": "2.0.11",
      "resolved": "http://registry.npmjs.org/json-buffer/-/json-buffer-2.0.11.tgz",
      "integrity": "sha1-PkQf2jCYvo0eMXGtWRvGKjPi1V8="
    },
    "libsodium": {
      "version": "0.7.3",
      "resolved": "https://registry.npmjs.org/libsodium/-/libsodium-0.7.3.tgz",
      "integrity": "sha512-ld+deUNqSsZYbAobUs63UyduPq8ICp/Ul/5lbvBIYpuSNWpPRU0PIxbW+xXipVZtuopR6fIz9e0tTnNuPMNeqw=="
    },
    "libsodium-wrappers": {
      "version": "0.7.3",
      "resolved": "https://registry.npmjs.org/libsodium-wrappers/-/libsodium-wrappers-0.7.3.tgz",
      "integrity": "sha512-dw5Jh6TZ5qc5rQVZe3JrSO/J05CE+DmAPnqD7Q2glBUE969xZ6o3fchnUxyPlp6ss3x0MFxmdJntveFN+XTg1g==",
      "requires": {
        "libsodium": "0.7.3"
      }
    },
    "lodash": {
      "version": "4.17.11",
      "resolved": "https://registry.npmjs.org/lodash/-/lodash-4.17.11.tgz",
      "integrity": "sha512-cQKh8igo5QUhZ7lg38DYWAxMvjSAKG0A8wGSVimP07SIUEK2UO+arSRKbRZWtelMtN5V0Hkwh5ryOto/SshYIg=="
    },
    "looper": {
      "version": "4.0.0",
      "resolved": "https://registry.npmjs.org/looper/-/looper-4.0.0.tgz",
      "integrity": "sha1-dwat7VmpntygbmtUu4bI7BnJUVU="
    },
    "minimist": {
      "version": "0.0.8",
      "resolved": "http://registry.npmjs.org/minimist/-/minimist-0.0.8.tgz",
      "integrity": "sha1-hX/Kv8M5fSYluCKCYuhqp6ARsF0="
    },
    "mkdirp": {
      "version": "0.5.1",
      "resolved": "http://registry.npmjs.org/mkdirp/-/mkdirp-0.5.1.tgz",
      "integrity": "sha1-MAV0OOrGz3+MR2fzhkjWaX11yQM=",
      "requires": {
        "minimist": "0.0.8"
      }
    },
    "moo": {
      "version": "0.4.3",
      "resolved": "https://registry.npmjs.org/moo/-/moo-0.4.3.tgz",
      "integrity": "sha512-gFD2xGCl8YFgGHsqJ9NKRVdwlioeW3mI1iqfLNYQOv0+6JRwG58Zk9DIGQgyIaffSYaO1xsKnMaYzzNr1KyIAw=="
    },
    "ms": {
      "version": "2.1.1",
      "resolved": "https://registry.npmjs.org/ms/-/ms-2.1.1.tgz",
      "integrity": "sha512-tgp+dl5cGk28utYktBsrFqA7HKgrhgPsg6Z/EfhWI4gl1Hwq8B/GmY/0oXZ6nF8hDVesS/FpnYaD/kOWhYQvyg=="
    },
    "multiblob": {
      "version": "1.13.2",
      "resolved": "https://registry.npmjs.org/multiblob/-/multiblob-1.13.2.tgz",
      "integrity": "sha512-z1nRV/iLDQQ2ih1lkOmOod4OLaaYk1LayU5mUJTGItekthyuWVWT+uuMp7mI1zXczEVuWky4MaDXuekKHkrJUQ==",
      "requires": {
        "blake2s": "~1.0.1",
        "cont": "~1.0.1",
        "explain-error": "~1.0.1",
        "mkdirp": "~0.5.0",
        "pull-cat": "^1.1.8",
        "pull-catch": "^1.0.0",
        "pull-defer": "^0.2.2",
        "pull-file": "^0.5.0",
        "pull-glob": "~1.0.6",
        "pull-live": "^1.0.0",
        "pull-notify": "^0.1.1",
        "pull-paramap": "^1.2.2",
        "pull-stream": "^3.6.2",
        "pull-write-file": "^0.2.1",
        "rc": "~1.2.8",
        "rimraf": "~2.2.8",
        "stream-to-pull-stream": "^1.7.2"
      }
    },
    "multicb": {
      "version": "1.2.2",
      "resolved": "https://registry.npmjs.org/multicb/-/multicb-1.2.2.tgz",
      "integrity": "sha512-PZM4dhYFmCF6uZGWpEmoPMUqJBywS9IcAgybT2GmSpYI1BvGvoWSdbio+ik+q/YD2vodhvslESWIS3NnkKYdqQ=="
    },
    "multiserver": {
      "version": "1.13.7",
      "resolved": "https://registry.npmjs.org/multiserver/-/multiserver-1.13.7.tgz",
      "integrity": "sha512-nQKAe6+u7nWJY29pJjegltw0ROj2bDc2bCTm9Bnr4EQrp5H5Tav+ESUjgl3D4vuQgCeveb4h+CtLtjB8QnK1Dw==",
      "requires": {
        "pull-cat": "~1.1.5",
        "pull-stream": "^3.6.1",
        "pull-ws": "^3.3.0",
        "secret-handshake": "^1.1.12",
        "separator-escape": "0.0.0",
        "socks": "2.2.1",
        "stream-to-pull-stream": "^1.7.2"
      }
    },
    "multiserver-address": {
      "version": "1.0.1",
      "resolved": "https://registry.npmjs.org/multiserver-address/-/multiserver-address-1.0.1.tgz",
      "integrity": "sha512-IfZMAGs9onCLkYNSnNBri3JxuvhQYllMyh3W9ry86iEDcfW9uPVsHTHDsjDxQtL+dPq3byshmA+Y4LN2wLHwNw==",
      "requires": {
        "nearley": "^2.15.1"
      }
    },
    "muxrpc": {
      "version": "6.4.1",
      "resolved": "https://registry.npmjs.org/muxrpc/-/muxrpc-6.4.1.tgz",
      "integrity": "sha512-r8+tucKMmQiYd8NWGQqAA5r+SlYuU30D/WbYo7E/PztG/jmizQJY5NfmLIJ+GWo+dEC6kIxkr0eY+U0uZexTNg==",
      "requires": {
        "explain-error": "^1.0.1",
        "packet-stream": "~2.0.0",
        "packet-stream-codec": "^1.1.1",
        "pull-goodbye": "~0.0.1",
        "pull-stream": "^3.2.3"
      }
    },
    "nan": {
      "version": "2.11.1",
      "resolved": "https://registry.npmjs.org/nan/-/nan-2.11.1.tgz",
      "integrity": "sha512-iji6k87OSXa0CcrLl9z+ZiYSuR2o+c0bGuNmXdrhTQTakxytAFsC56SArGYoiHlJlFoHSnvmhpceZJaXkVuOtA==",
      "optional": true
    },
    "nearley": {
      "version": "2.15.1",
      "resolved": "https://registry.npmjs.org/nearley/-/nearley-2.15.1.tgz",
      "integrity": "sha512-8IUY/rUrKz2mIynUGh8k+tul1awMKEjeHHC5G3FHvvyAW6oq4mQfNp2c0BMea+sYZJvYcrrM6GmZVIle/GRXGw==",
      "requires": {
        "moo": "^0.4.3",
        "nomnom": "~1.6.2",
        "railroad-diagrams": "^1.0.0",
        "randexp": "0.4.6",
        "semver": "^5.4.1"
      }
    },
    "node-gyp-build": {
      "version": "3.6.0",
      "resolved": "https://registry.npmjs.org/node-gyp-build/-/node-gyp-build-3.6.0.tgz",
      "integrity": "sha512-4yfIUBKGAjjsgRI50D1U5RF8zgOn+xfV8qmP9zQ078erdxIX6dOPCRb37Vj0nm1yaONuWAJJcWwSZqrt+Fq/MA==",
      "optional": true
    },
    "nomnom": {
      "version": "1.6.2",
      "resolved": "https://registry.npmjs.org/nomnom/-/nomnom-1.6.2.tgz",
      "integrity": "sha1-hKZqJgF0QI/Ft3oY+IjszET7aXE=",
      "requires": {
        "colors": "0.5.x",
        "underscore": "~1.4.4"
      }
    },
    "non-private-ip": {
      "version": "1.4.4",
      "resolved": "https://registry.npmjs.org/non-private-ip/-/non-private-ip-1.4.4.tgz",
      "integrity": "sha512-K9nTVFOGUOYutaG8ywiKpCdVu458RFxSgSJ0rribUxtf5iLM9B2+raFJgkID3p5op0+twmoQqFaPnu9KYz6qzg==",
      "requires": {
        "ip": "^1.1.5"
      }
    },
    "options": {
      "version": "0.0.6",
      "resolved": "https://registry.npmjs.org/options/-/options-0.0.6.tgz",
      "integrity": "sha1-7CLTEoBrtT5zF3Pnza788cZDEo8="
    },
    "os-homedir": {
      "version": "1.0.2",
      "resolved": "http://registry.npmjs.org/os-homedir/-/os-homedir-1.0.2.tgz",
      "integrity": "sha1-/7xJiDNuDoM94MFox+8VISGqf7M="
    },
    "packet-stream": {
      "version": "2.0.4",
      "resolved": "http://registry.npmjs.org/packet-stream/-/packet-stream-2.0.4.tgz",
      "integrity": "sha512-7+oxHdMMs6VhLvvbrDUc8QNuelE9fPKLDdToXBIKLPKOlnoBeMim+/35edp+AnFTLzk3xcogVvQ/jrZyyGsEiw=="
    },
    "packet-stream-codec": {
      "version": "1.1.2",
      "resolved": "https://registry.npmjs.org/packet-stream-codec/-/packet-stream-codec-1.1.2.tgz",
      "integrity": "sha1-ebMC/BRM37tKtv66cEDmpdmcecc=",
      "requires": {
        "pull-reader": "^1.2.4",
        "pull-through": "^1.0.17"
      }
    },
    "private-box": {
      "version": "0.3.0",
      "resolved": "https://registry.npmjs.org/private-box/-/private-box-0.3.0.tgz",
      "integrity": "sha512-zsK6DDEC+cnNiunYamcVbx4ZCLbKnzTOZa09K4Pj3/tH3nQFPUO9K2QoYy4kfxLqmoyw6RPDtACN9OYviMQZ2Q==",
      "requires": {
        "chloride": "^2.2.9"
      }
    },
    "pull-box-stream": {
      "version": "1.0.13",
      "resolved": "https://registry.npmjs.org/pull-box-stream/-/pull-box-stream-1.0.13.tgz",
      "integrity": "sha1-w+JAOY6rP1lRsu0QeMWYi/egork=",
      "requires": {
        "chloride": "^2.2.7",
        "increment-buffer": "~1.0.0",
        "pull-reader": "^1.2.5",
        "pull-stream": "^3.2.3",
        "pull-through": "^1.0.18",
        "split-buffer": "~1.0.0"
      }
    },
    "pull-cat": {
      "version": "1.1.11",
      "resolved": "https://registry.npmjs.org/pull-cat/-/pull-cat-1.1.11.tgz",
      "integrity": "sha1-tkLdElXaN2pwa220+pYvX9t0wxs="
    },
    "pull-catch": {
      "version": "1.0.0",
      "resolved": "https://registry.npmjs.org/pull-catch/-/pull-catch-1.0.0.tgz",
      "integrity": "sha1-9YA361woLMtQavn3awAn0zkx5Is="
    },
    "pull-defer": {
      "version": "0.2.3",
      "resolved": "https://registry.npmjs.org/pull-defer/-/pull-defer-0.2.3.tgz",
      "integrity": "sha512-/An3KE7mVjZCqNhZsr22k1Tx8MACnUnHZZNPSJ0S62td8JtYr/AiRG42Vz7Syu31SoTLUzVIe61jtT/pNdjVYA=="
    },
    "pull-file": {
      "version": "0.5.0",
      "resolved": "https://registry.npmjs.org/pull-file/-/pull-file-0.5.0.tgz",
      "integrity": "sha1-s8pAUwbggvnUUoKIkzutsrZWNls=",
      "requires": {
        "pull-utf8-decoder": "^1.0.2"
      }
    },
    "pull-fs": {
      "version": "1.1.6",
      "resolved": "https://registry.npmjs.org/pull-fs/-/pull-fs-1.1.6.tgz",
      "integrity": "sha1-8YT2p3KLtNlWQTdr6tafb2bfR80=",
      "requires": {
        "pull-file": "^0.5.0",
        "pull-stream": "^3.3.0",
        "pull-traverse": "^1.0.3",
        "pull-write-file": "^0.2.1"
      }
    },
    "pull-glob": {
      "version": "1.0.7",
      "resolved": "https://registry.npmjs.org/pull-glob/-/pull-glob-1.0.7.tgz",
      "integrity": "sha1-7vkV3eZEvdvqjdLgEG1USqy81cI=",
      "requires": {
        "pull-fs": "~1.1.6",
        "pull-stream": "^3.3.0"
      }
    },
    "pull-goodbye": {
      "version": "0.0.2",
      "resolved": "https://registry.npmjs.org/pull-goodbye/-/pull-goodbye-0.0.2.tgz",
      "integrity": "sha1-jYNX21XiKnEN//DxaoyQtF7+QXE=",
      "requires": {
        "pull-stream": "~3.5.0"
      },
      "dependencies": {
        "pull-stream": {
          "version": "3.5.0",
          "resolved": "http://registry.npmjs.org/pull-stream/-/pull-stream-3.5.0.tgz",
          "integrity": "sha1-HuW292/Ts6SaWvtt7VwDIKyzz8c="
        }
      }
    },
    "pull-handshake": {
      "version": "1.1.4",
      "resolved": "https://registry.npmjs.org/pull-handshake/-/pull-handshake-1.1.4.tgz",
      "integrity": "sha1-YACg/QGIhM39c3JU+Mxgqypjd5E=",
      "requires": {
        "pull-cat": "^1.1.9",
        "pull-pair": "~1.1.0",
        "pull-pushable": "^2.0.0",
        "pull-reader": "^1.2.3"
      }
    },
    "pull-hash": {
      "version": "1.0.0",
      "resolved": "https://registry.npmjs.org/pull-hash/-/pull-hash-1.0.0.tgz",
      "integrity": "sha1-/K1NJQe/LCsyMfZT3Jv7LbTw2Iw="
    },
    "pull-live": {
      "version": "1.0.1",
      "resolved": "https://registry.npmjs.org/pull-live/-/pull-live-1.0.1.tgz",
      "integrity": "sha1-pOzuAeMwFV6RJLu89HYfIbOPUfU=",
      "requires": {
        "pull-cat": "^1.1.9",
        "pull-stream": "^3.4.0"
      }
    },
    "pull-notify": {
      "version": "0.1.1",
      "resolved": "https://registry.npmjs.org/pull-notify/-/pull-notify-0.1.1.tgz",
      "integrity": "sha1-b4b/ldJwuJw+vyVbYDG3Ay3JnMo=",
      "requires": {
        "pull-pushable": "^2.0.0"
      }
    },
    "pull-pair": {
      "version": "1.1.0",
      "resolved": "https://registry.npmjs.org/pull-pair/-/pull-pair-1.1.0.tgz",
      "integrity": "sha1-fuQnJj/fTaglOXrAoF4atLdL120="
    },
    "pull-paramap": {
      "version": "1.2.2",
      "resolved": "https://registry.npmjs.org/pull-paramap/-/pull-paramap-1.2.2.tgz",
      "integrity": "sha1-UaQZPOnI1yFdla2tReK824STsjo=",
      "requires": {
        "looper": "^4.0.0"
      }
    },
    "pull-pushable": {
      "version": "2.2.0",
      "resolved": "https://registry.npmjs.org/pull-pushable/-/pull-pushable-2.2.0.tgz",
      "integrity": "sha1-Xy867UethpGfAbEqLpnW8b13ZYE="
    },
    "pull-reader": {
      "version": "1.3.1",
      "resolved": "https://registry.npmjs.org/pull-reader/-/pull-reader-1.3.1.tgz",
      "integrity": "sha512-CBkejkE5nX50SiSEzu0Qoz4POTJMS/mw8G6aj3h3M/RJoKgggLxyF0IyTZ0mmpXFlXRcLmLmIEW4xeYn7AeDYw=="
    },
    "pull-stream": {
      "version": "3.6.9",
      "resolved": "https://registry.npmjs.org/pull-stream/-/pull-stream-3.6.9.tgz",
      "integrity": "sha512-hJn4POeBrkttshdNl0AoSCVjMVSuBwuHocMerUdoZ2+oIUzrWHFTwJMlbHND7OiKLVgvz6TFj8ZUVywUMXccbw=="
    },
    "pull-through": {
      "version": "1.0.18",
      "resolved": "https://registry.npmjs.org/pull-through/-/pull-through-1.0.18.tgz",
      "integrity": "sha1-jdYjFCY+Wc9Qlur7sSeitu8xBzU=",
      "requires": {
        "looper": "~3.0.0"
      },
      "dependencies": {
        "looper": {
          "version": "3.0.0",
          "resolved": "https://registry.npmjs.org/looper/-/looper-3.0.0.tgz",
          "integrity": "sha1-LvpUw7HLq6m5Su4uWRSwvlf7t0k="
        }
      }
    },
    "pull-traverse": {
      "version": "1.0.3",
      "resolved": "https://registry.npmjs.org/pull-traverse/-/pull-traverse-1.0.3.tgz",
      "integrity": "sha1-dPtde+f6a9enjpeTPhmbeUWGaTg="
    },
    "pull-utf8-decoder": {
      "version": "1.0.2",
      "resolved": "https://registry.npmjs.org/pull-utf8-decoder/-/pull-utf8-decoder-1.0.2.tgz",
      "integrity": "sha1-p6+iOE0eZBWl1gIFQSbMjeO8vOc="
    },
    "pull-write-file": {
      "version": "0.2.4",
      "resolved": "https://registry.npmjs.org/pull-write-file/-/pull-write-file-0.2.4.tgz",
      "integrity": "sha1-Q3NErrIYn2XmeO0a838PdgpUU+8="
    },
    "pull-ws": {
      "version": "3.3.1",
      "resolved": "https://registry.npmjs.org/pull-ws/-/pull-ws-3.3.1.tgz",
      "integrity": "sha512-kJodbLQT+oKjcRIQO+vQNw6xWBuEo7Kxp51VMOvb6cvPvHYA+aNLzm+NmkB/5dZwbuTRYGMal9QPvH52tzM1ZA==",
      "requires": {
        "relative-url": "^1.0.2",
        "safe-buffer": "^5.1.1",
        "ws": "^1.1.0"
      }
    },
    "railroad-diagrams": {
      "version": "1.0.0",
      "resolved": "https://registry.npmjs.org/railroad-diagrams/-/railroad-diagrams-1.0.0.tgz",
      "integrity": "sha1-635iZ1SN3t+4mcG5Dlc3RVnN234="
    },
    "randexp": {
      "version": "0.4.6",
      "resolved": "https://registry.npmjs.org/randexp/-/randexp-0.4.6.tgz",
      "integrity": "sha512-80WNmd9DA0tmZrw9qQa62GPPWfuXJknrmVmLcxvq4uZBdYqb1wYoKTmnlGUchvVWe0XiLupYkBoXVOxz3C8DYQ==",
      "requires": {
        "discontinuous-range": "1.0.0",
        "ret": "~0.1.10"
      }
    },
    "rc": {
      "version": "1.2.8",
      "resolved": "https://registry.npmjs.org/rc/-/rc-1.2.8.tgz",
      "integrity": "sha512-y3bGgqKj3QBdxLbLkomlohkvsA8gdAiUQlSBJnBhfn+BPxg4bc62d8TcBW15wavDfgexCgccckhcZvywyQYPOw==",
      "requires": {
        "deep-extend": "^0.6.0",
        "ini": "~1.3.0",
        "minimist": "^1.2.0",
        "strip-json-comments": "~2.0.1"
      },
      "dependencies": {
        "minimist": {
          "version": "1.2.0",
          "resolved": "http://registry.npmjs.org/minimist/-/minimist-1.2.0.tgz",
          "integrity": "sha1-o1AIsg9BOD7sH7kU9M1d95omQoQ="
        }
      }
    },
    "relative-url": {
      "version": "1.0.2",
      "resolved": "http://registry.npmjs.org/relative-url/-/relative-url-1.0.2.tgz",
      "integrity": "sha1-0hxSpy1gYQGLzun5yfwQa/fWUoc="
    },
    "ret": {
      "version": "0.1.15",
      "resolved": "https://registry.npmjs.org/ret/-/ret-0.1.15.tgz",
      "integrity": "sha512-TTlYpa+OL+vMMNG24xSlQGEJ3B/RzEfUlLct7b5G/ytav+wPrplCpVMFuwzXbkecJrb6IYo1iFb0S9v37754mg=="
    },
    "rimraf": {
      "version": "2.2.8",
      "resolved": "http://registry.npmjs.org/rimraf/-/rimraf-2.2.8.tgz",
      "integrity": "sha1-5Dm+Kq7jJzIZUnMPmaiSnk/FBYI="
    },
    "safe-buffer": {
      "version": "5.1.2",
      "resolved": "https://registry.npmjs.org/safe-buffer/-/safe-buffer-5.1.2.tgz",
      "integrity": "sha512-Gd2UZBJDkXlY7GbJxfsE8/nvKkUEU1G38c1siN6QP6a9PT9MmHB8GnpscSmMJSoF8LOIrt8ud/wPtojys4G6+g=="
    },
    "secret-handshake": {
      "version": "1.1.14",
      "resolved": "https://registry.npmjs.org/secret-handshake/-/secret-handshake-1.1.14.tgz",
      "integrity": "sha512-e4hiMTahaLiN5XKap1YrifoyT8yRu9yQEZrMTglTBgq8Lv8iChFKLpbmXYeNxy2rCnutuWaQDFbp3sBgl4NQ4g==",
      "requires": {
        "chloride": "^2.2.7",
        "deep-equal": "~1.0.0",
        "pull-box-stream": "^1.0.13",
        "pull-handshake": "^1.1.1",
        "pull-stream": "^3.4.5"
      }
    },
    "semver": {
      "version": "5.6.0",
      "resolved": "https://registry.npmjs.org/semver/-/semver-5.6.0.tgz",
      "integrity": "sha512-RS9R6R35NYgQn++fkDWaOmqGoj4Ek9gGs+DPxNUZKuwE183xjJroKvyo1IzVFeXvUrvmALy6FWD5xrdJT25gMg=="
    },
    "separator-escape": {
      "version": "0.0.0",
      "resolved": "https://registry.npmjs.org/separator-escape/-/separator-escape-0.0.0.tgz",
      "integrity": "sha1-5DNnaTICBFTjwUhwxRfqHeVsL6Q="
    },
    "sha.js": {
      "version": "2.4.5",
      "resolved": "http://registry.npmjs.org/sha.js/-/sha.js-2.4.5.tgz",
      "integrity": "sha1-J9Fx78yCoRi5ljn/WBZgJCtQbnw=",
      "requires": {
        "inherits": "^2.0.1"
      }
    },
    "smart-buffer": {
      "version": "4.0.1",
      "resolved": "https://registry.npmjs.org/smart-buffer/-/smart-buffer-4.0.1.tgz",
      "integrity": "sha512-RFqinRVJVcCAL9Uh1oVqE6FZkqsyLiVOYEZ20TqIOjuX7iFVJ+zsbs4RIghnw/pTs7mZvt8ZHhvm1ZUrR4fykg=="
    },
    "socks": {
      "version": "2.2.1",
      "resolved": "https://registry.npmjs.org/socks/-/socks-2.2.1.tgz",
      "integrity": "sha512-0GabKw7n9mI46vcNrVfs0o6XzWzjVa3h6GaSo2UPxtWAROXUWavfJWh1M4PR5tnE0dcnQXZIDFP4yrAysLze/w==",
      "requires": {
        "ip": "^1.1.5",
        "smart-buffer": "^4.0.1"
      }
    },
    "sodium-browserify": {
      "version": "1.2.4",
      "resolved": "https://registry.npmjs.org/sodium-browserify/-/sodium-browserify-1.2.4.tgz",
      "integrity": "sha512-IYcxKje/uf/c3a7VhZYJLlUxWMcktfbD4AjqHjUD1/VWKjj0Oq5wNbX8wjJOWVO9UhUMqJQiOn2xFbzKWBmy5w==",
      "requires": {
        "libsodium-wrappers": "^0.7.3",
        "sha.js": "2.4.5",
        "sodium-browserify-tweetnacl": "^0.2.3",
        "tweetnacl": "^0.14.1"
      }
    },
    "sodium-browserify-tweetnacl": {
      "version": "0.2.3",
      "resolved": "https://registry.npmjs.org/sodium-browserify-tweetnacl/-/sodium-browserify-tweetnacl-0.2.3.tgz",
      "integrity": "sha1-tVN//LufdOvEQ7i2ohGykej8vI4=",
      "requires": {
        "chloride-test": "^1.1.0",
        "ed2curve": "^0.1.4",
        "sha.js": "^2.4.8",
        "tweetnacl": "^0.14.1",
        "tweetnacl-auth": "^0.3.0"
      },
      "dependencies": {
        "sha.js": {
          "version": "2.4.11",
          "resolved": "http://registry.npmjs.org/sha.js/-/sha.js-2.4.11.tgz",
          "integrity": "sha512-QMEp5B7cftE7APOjk5Y6xgrbWu+WkLVQwk8JNjZ8nKRciZaByEW6MubieAiToS7+dwvrjGhH8jRXz3MVd0AYqQ==",
          "requires": {
            "inherits": "^2.0.1",
            "safe-buffer": "^5.0.1"
          }
        }
      }
    },
    "sodium-chloride": {
      "version": "1.1.2",
      "resolved": "https://registry.npmjs.org/sodium-chloride/-/sodium-chloride-1.1.2.tgz",
      "integrity": "sha512-8AVzr9VHueXqfzfkzUA0aXe/Q4XG3UTmhlP6Pt+HQc5bbAPIJFo7ZIMh9tvn+99QuiMcyDJdYumegGAczl0N+g=="
    },
    "sodium-native": {
      "version": "2.2.3",
      "resolved": "https://registry.npmjs.org/sodium-native/-/sodium-native-2.2.3.tgz",
      "integrity": "sha512-0rQvKwlWW86YmmAhosnJ6/2PR3mdAtfuWW147L4x3/gwfL7XiJ7mf2BPvBwU16vsYQNY1yxOQg9YT/MN6qoZOA==",
      "optional": true,
      "requires": {
        "ini": "^1.3.5",
        "nan": "^2.4.0",
        "node-gyp-build": "^3.0.0"
      }
    },
    "split-buffer": {
      "version": "1.0.0",
      "resolved": "http://registry.npmjs.org/split-buffer/-/split-buffer-1.0.0.tgz",
      "integrity": "sha1-t+jgq1E0UVi3LB9tvvJAbVHx0Cc="
    },
    "ssb-client": {
      "version": "4.6.0",
      "resolved": "https://registry.npmjs.org/ssb-client/-/ssb-client-4.6.0.tgz",
      "integrity": "sha512-LyH5Y/U7xvafmAuG1puyhNv4G3Ew9xC67dYgRX0wwbUf5iT422WB1Cvat9qGFAu3/BQbdctXtdEQPxaAn0+hYA==",
      "requires": {
        "explain-error": "^1.0.1",
        "multicb": "^1.2.1",
        "multiserver": "^1.13.2",
        "muxrpc": "^6.4.0",
        "pull-hash": "^1.0.0",
        "pull-stream": "^3.6.0",
        "ssb-config": "^2.2.0",
        "ssb-keys": "^7.0.13"
      }
    },
    "ssb-config": {
      "version": "2.3.7",
      "resolved": "https://registry.npmjs.org/ssb-config/-/ssb-config-2.3.7.tgz",
      "integrity": "sha512-djjLoNpDlE0K/UfhU1mNuJqOy8oJsv/6Q8RLDTHdby2Z+r2MxKRaACH3R9DMZyzgnd3wLjXba5ntNvsuabjx5g==",
      "requires": {
        "deep-extend": "^0.6.0",
        "non-private-ip": "^1.2.1",
        "os-homedir": "^1.0.1",
        "rc": "^1.1.6"
      }
    },
    "ssb-keys": {
      "version": "7.1.3",
      "resolved": "https://registry.npmjs.org/ssb-keys/-/ssb-keys-7.1.3.tgz",
      "integrity": "sha512-f66vIZ3LkeMx73enLTkPC9ecTUcUrjtVHvRt45nDmubGMom21Z82JQLWYbQ++09v3JG3B4XEir8inhv6AAISSQ==",
      "requires": {
        "chloride": "^2.2.8",
        "mkdirp": "~0.5.0",
        "private-box": "^0.3.0"
      }
    },
    "ssb-ref": {
      "version": "2.13.9",
      "resolved": "https://registry.npmjs.org/ssb-ref/-/ssb-ref-2.13.9.tgz",
      "integrity": "sha512-TfatNqLvoP+eW/pMIbCmNcaoDq4R2k8jCtWkwDKx4AtluN/LwtyP931d5Mh+2gmzA04W7kxkr6f5ENGgdadMYg==",
      "requires": {
        "ip": "^1.1.3",
        "is-canonical-base64": "^1.1.1",
        "is-valid-domain": "~0.0.1",
        "multiserver-address": "^1.0.1"
      }
    },
    "stream-to-pull-stream": {
      "version": "1.7.2",
      "resolved": "https://registry.npmjs.org/stream-to-pull-stream/-/stream-to-pull-stream-1.7.2.tgz",
      "integrity": "sha1-dXYJrhzr0zx0MtSvvjH/eGULnd4=",
      "requires": {
        "looper": "^3.0.0",
        "pull-stream": "^3.2.3"
      },
      "dependencies": {
        "looper": {
          "version": "3.0.0",
          "resolved": "https://registry.npmjs.org/looper/-/looper-3.0.0.tgz",
          "integrity": "sha1-LvpUw7HLq6m5Su4uWRSwvlf7t0k="
        }
      }
    },
    "strip-json-comments": {
      "version": "2.0.1",
      "resolved": "https://registry.npmjs.org/strip-json-comments/-/strip-json-comments-2.0.1.tgz",
      "integrity": "sha1-PFMZQukIwml8DsNEhYwobHygpgo="
    },
    "tweetnacl": {
      "version": "0.14.5",
      "resolved": "https://registry.npmjs.org/tweetnacl/-/tweetnacl-0.14.5.tgz",
      "integrity": "sha1-WuaBd/GS1EViadEIr6k/+HQ/T2Q="
    },
    "tweetnacl-auth": {
      "version": "0.3.1",
      "resolved": "https://registry.npmjs.org/tweetnacl-auth/-/tweetnacl-auth-0.3.1.tgz",
      "integrity": "sha1-t1vC3xVkm7hOi5qjwGacbEvODSU=",
      "requires": {
        "tweetnacl": "0.x.x"
      }
    },
    "ultron": {
      "version": "1.0.2",
      "resolved": "https://registry.npmjs.org/ultron/-/ultron-1.0.2.tgz",
      "integrity": "sha1-rOEWq1V80Zc4ak6I9GhTeMiy5Po="
    },
    "underscore": {
      "version": "1.4.4",
      "resolved": "http://registry.npmjs.org/underscore/-/underscore-1.4.4.tgz",
      "integrity": "sha1-YaajIBBiKvoHljvzJSA88SI51gQ="
    },
    "ws": {
      "version": "1.1.5",
      "resolved": "https://registry.npmjs.org/ws/-/ws-1.1.5.tgz",
      "integrity": "sha512-o3KqipXNUdS7wpQzBHSe180lBGO60SoK0yVo3CYJgb2MkobuWuBX6dhkYP5ORCLd55y+SaflMOV5fqAB53ux4w==",
      "requires": {
        "options": ">=0.0.5",
        "ultron": "1.0.x"
      }
    }
  }
}
